// !$*UTF8*$!
{
	archiveVersion = 1;
	classes = {
	};
	objectVersion = 48;
	objects = {

/* Begin PBXBuildFile section */
		3E136CA31FE921780006DF0F /* CourseProgress.swift in Sources */ = {isa = PBXBuildFile; fileRef = 3E136CA21FE921780006DF0F /* CourseProgress.swift */; };
		3E136CA51FE921A50006DF0F /* UnitProgress.swift in Sources */ = {isa = PBXBuildFile; fileRef = 3E136CA41FE921A50006DF0F /* UnitProgress.swift */; };
		3E136CA71FE921BC0006DF0F /* CourseState.swift in Sources */ = {isa = PBXBuildFile; fileRef = 3E136CA61FE921BC0006DF0F /* CourseState.swift */; };
		3E136CAA1FE923790006DF0F /* ChapterProgress.swift in Sources */ = {isa = PBXBuildFile; fileRef = 3E136CA91FE923790006DF0F /* ChapterProgress.swift */; };
		3E136CAD1FE923F30006DF0F /* ChapterResource.swift in Sources */ = {isa = PBXBuildFile; fileRef = 3E136CAC1FE923F30006DF0F /* ChapterResource.swift */; };
		3E3C698C1FE7C9E800F59837 /* TestJson.swift in Sources */ = {isa = PBXBuildFile; fileRef = 3E3C698B1FE7C9E800F59837 /* TestJson.swift */; };
		3E419D651FE789E5001B4A8E /* Course.swift in Sources */ = {isa = PBXBuildFile; fileRef = 3E419D641FE789E5001B4A8E /* Course.swift */; };
		3E419D6B1FE78EA2001B4A8E /* Unit.swift in Sources */ = {isa = PBXBuildFile; fileRef = 3E419D6A1FE78EA2001B4A8E /* Unit.swift */; };
		3E419D6D1FE78EF7001B4A8E /* User.swift in Sources */ = {isa = PBXBuildFile; fileRef = 3E419D6C1FE78EF7001B4A8E /* User.swift */; };
		3E419D6F1FE7926F001B4A8E /* Chapter.swift in Sources */ = {isa = PBXBuildFile; fileRef = 3E419D6E1FE7926F001B4A8E /* Chapter.swift */; };
		3E419D741FE794A2001B4A8E /* Video.swift in Sources */ = {isa = PBXBuildFile; fileRef = 3E419D731FE794A2001B4A8E /* Video.swift */; };
		3E419D761FE794B0001B4A8E /* Resource.swift in Sources */ = {isa = PBXBuildFile; fileRef = 3E419D751FE794B0001B4A8E /* Resource.swift */; };
		3E419D781FE794B9001B4A8E /* Quiz.swift in Sources */ = {isa = PBXBuildFile; fileRef = 3E419D771FE794B9001B4A8E /* Quiz.swift */; };
		3EBD34D31FE292A80076FB89 /* AppDelegate.swift in Sources */ = {isa = PBXBuildFile; fileRef = 3EBD34D21FE292A80076FB89 /* AppDelegate.swift */; };
		3EBD34D51FE292A80076FB89 /* ViewController.swift in Sources */ = {isa = PBXBuildFile; fileRef = 3EBD34D41FE292A80076FB89 /* ViewController.swift */; };
		3EBD34D81FE292A80076FB89 /* Main.storyboard in Resources */ = {isa = PBXBuildFile; fileRef = 3EBD34D61FE292A80076FB89 /* Main.storyboard */; };
		3EBD34DA1FE292A80076FB89 /* Assets.xcassets in Resources */ = {isa = PBXBuildFile; fileRef = 3EBD34D91FE292A80076FB89 /* Assets.xcassets */; };
		3EBD34DD1FE292A80076FB89 /* LaunchScreen.storyboard in Resources */ = {isa = PBXBuildFile; fileRef = 3EBD34DB1FE292A80076FB89 /* LaunchScreen.storyboard */; };
		3EDC53D51FE8EF6C009D1EE1 /* Login.swift in Sources */ = {isa = PBXBuildFile; fileRef = 3EDC53D41FE8EF6C009D1EE1 /* Login.swift */; };
		3EDC53D81FE9030C009D1EE1 /* Authority.swift in Sources */ = {isa = PBXBuildFile; fileRef = 3EDC53D71FE9030C009D1EE1 /* Authority.swift */; };
		CE4AF9A3A2334B590C3711F4 /* Pods_AlamofireDemo.framework in Frameworks */ = {isa = PBXBuildFile; fileRef = 6D3A125CFA7A97CF947E2F48 /* Pods_AlamofireDemo.framework */; };
/* End PBXBuildFile section */

/* Begin PBXFileReference section */
		3E136CA21FE921780006DF0F /* CourseProgress.swift */ = {isa = PBXFileReference; lastKnownFileType = sourcecode.swift; path = CourseProgress.swift; sourceTree = "<group>"; };
		3E136CA41FE921A50006DF0F /* UnitProgress.swift */ = {isa = PBXFileReference; lastKnownFileType = sourcecode.swift; path = UnitProgress.swift; sourceTree = "<group>"; };
		3E136CA61FE921BC0006DF0F /* CourseState.swift */ = {isa = PBXFileReference; lastKnownFileType = sourcecode.swift; path = CourseState.swift; sourceTree = "<group>"; };
		3E136CA91FE923790006DF0F /* ChapterProgress.swift */ = {isa = PBXFileReference; lastKnownFileType = sourcecode.swift; path = ChapterProgress.swift; sourceTree = "<group>"; };
		3E136CAC1FE923F30006DF0F /* ChapterResource.swift */ = {isa = PBXFileReference; lastKnownFileType = sourcecode.swift; path = ChapterResource.swift; sourceTree = "<group>"; };
		3E3C698B1FE7C9E800F59837 /* TestJson.swift */ = {isa = PBXFileReference; lastKnownFileType = sourcecode.swift; path = TestJson.swift; sourceTree = "<group>"; };
		3E419D641FE789E5001B4A8E /* Course.swift */ = {isa = PBXFileReference; lastKnownFileType = sourcecode.swift; path = Course.swift; sourceTree = "<group>"; };
		3E419D6A1FE78EA2001B4A8E /* Unit.swift */ = {isa = PBXFileReference; lastKnownFileType = sourcecode.swift; path = Unit.swift; sourceTree = "<group>"; };
		3E419D6C1FE78EF7001B4A8E /* User.swift */ = {isa = PBXFileReference; lastKnownFileType = sourcecode.swift; path = User.swift; sourceTree = "<group>"; };
		3E419D6E1FE7926F001B4A8E /* Chapter.swift */ = {isa = PBXFileReference; lastKnownFileType = sourcecode.swift; path = Chapter.swift; sourceTree = "<group>"; };
		3E419D731FE794A2001B4A8E /* Video.swift */ = {isa = PBXFileReference; lastKnownFileType = sourcecode.swift; path = Video.swift; sourceTree = "<group>"; };
		3E419D751FE794B0001B4A8E /* Resource.swift */ = {isa = PBXFileReference; lastKnownFileType = sourcecode.swift; path = Resource.swift; sourceTree = "<group>"; };
		3E419D771FE794B9001B4A8E /* Quiz.swift */ = {isa = PBXFileReference; lastKnownFileType = sourcecode.swift; path = Quiz.swift; sourceTree = "<group>"; };
		3EBD34CF1FE292A80076FB89 /* AlamofireDemo.app */ = {isa = PBXFileReference; explicitFileType = wrapper.application; includeInIndex = 0; path = AlamofireDemo.app; sourceTree = BUILT_PRODUCTS_DIR; };
		3EBD34D21FE292A80076FB89 /* AppDelegate.swift */ = {isa = PBXFileReference; lastKnownFileType = sourcecode.swift; path = AppDelegate.swift; sourceTree = "<group>"; };
		3EBD34D41FE292A80076FB89 /* ViewController.swift */ = {isa = PBXFileReference; lastKnownFileType = sourcecode.swift; path = ViewController.swift; sourceTree = "<group>"; };
		3EBD34D71FE292A80076FB89 /* Base */ = {isa = PBXFileReference; lastKnownFileType = file.storyboard; name = Base; path = Base.lproj/Main.storyboard; sourceTree = "<group>"; };
		3EBD34D91FE292A80076FB89 /* Assets.xcassets */ = {isa = PBXFileReference; lastKnownFileType = folder.assetcatalog; path = Assets.xcassets; sourceTree = "<group>"; };
		3EBD34DC1FE292A80076FB89 /* Base */ = {isa = PBXFileReference; lastKnownFileType = file.storyboard; name = Base; path = Base.lproj/LaunchScreen.storyboard; sourceTree = "<group>"; };
		3EBD34DE1FE292A80076FB89 /* Info.plist */ = {isa = PBXFileReference; lastKnownFileType = text.plist.xml; path = Info.plist; sourceTree = "<group>"; };
		3EDC53D41FE8EF6C009D1EE1 /* Login.swift */ = {isa = PBXFileReference; lastKnownFileType = sourcecode.swift; path = Login.swift; sourceTree = "<group>"; };
		3EDC53D71FE9030C009D1EE1 /* Authority.swift */ = {isa = PBXFileReference; lastKnownFileType = sourcecode.swift; path = Authority.swift; sourceTree = "<group>"; };
		57EE4FB369B5383680BE00FD /* Pods-AlamofireDemo.debug.xcconfig */ = {isa = PBXFileReference; includeInIndex = 1; lastKnownFileType = text.xcconfig; name = "Pods-AlamofireDemo.debug.xcconfig"; path = "Pods/Target Support Files/Pods-AlamofireDemo/Pods-AlamofireDemo.debug.xcconfig"; sourceTree = "<group>"; };
		6D3A125CFA7A97CF947E2F48 /* Pods_AlamofireDemo.framework */ = {isa = PBXFileReference; explicitFileType = wrapper.framework; includeInIndex = 0; path = Pods_AlamofireDemo.framework; sourceTree = BUILT_PRODUCTS_DIR; };
		DF3D5A18322EEA1EAAFC6C37 /* Pods-AlamofireDemo.release.xcconfig */ = {isa = PBXFileReference; includeInIndex = 1; lastKnownFileType = text.xcconfig; name = "Pods-AlamofireDemo.release.xcconfig"; path = "Pods/Target Support Files/Pods-AlamofireDemo/Pods-AlamofireDemo.release.xcconfig"; sourceTree = "<group>"; };
/* End PBXFileReference section */

/* Begin PBXFrameworksBuildPhase section */
		3EBD34CC1FE292A80076FB89 /* Frameworks */ = {
			isa = PBXFrameworksBuildPhase;
			buildActionMask = 2147483647;
			files = (
				CE4AF9A3A2334B590C3711F4 /* Pods_AlamofireDemo.framework in Frameworks */,
			);
			runOnlyForDeploymentPostprocessing = 0;
		};
/* End PBXFrameworksBuildPhase section */

/* Begin PBXGroup section */
		21935167C7DA5AEBAA340751 /* Pods */ = {
			isa = PBXGroup;
			children = (
				57EE4FB369B5383680BE00FD /* Pods-AlamofireDemo.debug.xcconfig */,
				DF3D5A18322EEA1EAAFC6C37 /* Pods-AlamofireDemo.release.xcconfig */,
			);
			name = Pods;
			sourceTree = "<group>";
		};
		3E136CA11FE921260006DF0F /* courseProgress */ = {
			isa = PBXGroup;
			children = (
				3E136CA81FE923680006DF0F /* chapterProgress */,
				3E136CA41FE921A50006DF0F /* UnitProgress.swift */,
				3E136CA61FE921BC0006DF0F /* CourseState.swift */,
			);
			path = courseProgress;
			sourceTree = "<group>";
		};
		3E136CA81FE923680006DF0F /* chapterProgress */ = {
			isa = PBXGroup;
			children = (
				3E136CAB1FE923D50006DF0F /* resource */,
				3E136CA91FE923790006DF0F /* ChapterProgress.swift */,
			);
			path = chapterProgress;
			sourceTree = "<group>";
		};
		3E136CAB1FE923D50006DF0F /* resource */ = {
			isa = PBXGroup;
			children = (
				3E136CAC1FE923F30006DF0F /* ChapterResource.swift */,
			);
			path = resource;
			sourceTree = "<group>";
		};
		3E419D701FE793E6001B4A8E /* course */ = {
			isa = PBXGroup;
			children = (
				3E419D711FE79418001B4A8E /* unit */,
				3E419D6A1FE78EA2001B4A8E /* Unit.swift */,
				3E419D6C1FE78EF7001B4A8E /* User.swift */,
			);
			path = course;
			sourceTree = "<group>";
		};
		3E419D711FE79418001B4A8E /* unit */ = {
			isa = PBXGroup;
			children = (
				3E419D721FE7947C001B4A8E /* chapter */,
				3E419D6E1FE7926F001B4A8E /* Chapter.swift */,
			);
			path = unit;
			sourceTree = "<group>";
		};
		3E419D721FE7947C001B4A8E /* chapter */ = {
			isa = PBXGroup;
			children = (
				3E419D731FE794A2001B4A8E /* Video.swift */,
				3E419D751FE794B0001B4A8E /* Resource.swift */,
				3E419D771FE794B9001B4A8E /* Quiz.swift */,
			);
			path = chapter;
			sourceTree = "<group>";
		};
		3EBD34C61FE292A80076FB89 = {
			isa = PBXGroup;
			children = (
				3EBD34D11FE292A80076FB89 /* AlamofireDemo */,
				3EBD34D01FE292A80076FB89 /* Products */,
				21935167C7DA5AEBAA340751 /* Pods */,
				B0B466B0615875470E6D403F /* Frameworks */,
			);
			sourceTree = "<group>";
		};
		3EBD34D01FE292A80076FB89 /* Products */ = {
			isa = PBXGroup;
			children = (
				3EBD34CF1FE292A80076FB89 /* AlamofireDemo.app */,
			);
			name = Products;
			sourceTree = "<group>";
		};
		3EBD34D11FE292A80076FB89 /* AlamofireDemo */ = {
			isa = PBXGroup;
			children = (
				3E136CA11FE921260006DF0F /* courseProgress */,
				3EDC53D61FE902FC009D1EE1 /* login */,
				3E419D641FE789E5001B4A8E /* Course.swift */,
				3E419D701FE793E6001B4A8E /* course */,
				3EBD34D21FE292A80076FB89 /* AppDelegate.swift */,
				3EBD34D41FE292A80076FB89 /* ViewController.swift */,
				3EBD34D61FE292A80076FB89 /* Main.storyboard */,
				3EBD34D91FE292A80076FB89 /* Assets.xcassets */,
				3EBD34DB1FE292A80076FB89 /* LaunchScreen.storyboard */,
				3EBD34DE1FE292A80076FB89 /* Info.plist */,
				3E3C698B1FE7C9E800F59837 /* TestJson.swift */,
				3EDC53D41FE8EF6C009D1EE1 /* Login.swift */,
				3E136CA21FE921780006DF0F /* CourseProgress.swift */,
			);
			path = AlamofireDemo;
			sourceTree = "<group>";
		};
		3EDC53D61FE902FC009D1EE1 /* login */ = {
			isa = PBXGroup;
			children = (
				3EDC53D71FE9030C009D1EE1 /* Authority.swift */,
			);
			path = login;
			sourceTree = "<group>";
		};
		B0B466B0615875470E6D403F /* Frameworks */ = {
			isa = PBXGroup;
			children = (
				6D3A125CFA7A97CF947E2F48 /* Pods_AlamofireDemo.framework */,
			);
			name = Frameworks;
			sourceTree = "<group>";
		};
/* End PBXGroup section */

/* Begin PBXNativeTarget section */
		3EBD34CE1FE292A80076FB89 /* AlamofireDemo */ = {
			isa = PBXNativeTarget;
			buildConfigurationList = 3EBD34E11FE292A80076FB89 /* Build configuration list for PBXNativeTarget "AlamofireDemo" */;
			buildPhases = (
				178EDE16DC98EA53C1E12197 /* [CP] Check Pods Manifest.lock */,
				3EBD34CB1FE292A80076FB89 /* Sources */,
				3EBD34CC1FE292A80076FB89 /* Frameworks */,
				3EBD34CD1FE292A80076FB89 /* Resources */,
				EFF3935E86D0050A604DA9C5 /* [CP] Embed Pods Frameworks */,
				913308C55F27B0707E6716CE /* [CP] Copy Pods Resources */,
			);
			buildRules = (
			);
			dependencies = (
			);
			name = AlamofireDemo;
			productName = AlamofireDemo;
			productReference = 3EBD34CF1FE292A80076FB89 /* AlamofireDemo.app */;
			productType = "com.apple.product-type.application";
		};
/* End PBXNativeTarget section */

/* Begin PBXProject section */
		3EBD34C71FE292A80076FB89 /* Project object */ = {
			isa = PBXProject;
			attributes = {
				LastSwiftUpdateCheck = 0920;
				LastUpgradeCheck = 0920;
				ORGANIZATIONNAME = "Criss Angel";
				TargetAttributes = {
					3EBD34CE1FE292A80076FB89 = {
						CreatedOnToolsVersion = 9.2;
						ProvisioningStyle = Automatic;
					};
				};
			};
			buildConfigurationList = 3EBD34CA1FE292A80076FB89 /* Build configuration list for PBXProject "AlamofireDemo" */;
			compatibilityVersion = "Xcode 8.0";
			developmentRegion = en;
			hasScannedForEncodings = 0;
			knownRegions = (
				en,
				Base,
			);
			mainGroup = 3EBD34C61FE292A80076FB89;
			productRefGroup = 3EBD34D01FE292A80076FB89 /* Products */;
			projectDirPath = "";
			projectRoot = "";
			targets = (
				3EBD34CE1FE292A80076FB89 /* AlamofireDemo */,
			);
		};
/* End PBXProject section */

/* Begin PBXResourcesBuildPhase section */
		3EBD34CD1FE292A80076FB89 /* Resources */ = {
			isa = PBXResourcesBuildPhase;
			buildActionMask = 2147483647;
			files = (
				3EBD34DD1FE292A80076FB89 /* LaunchScreen.storyboard in Resources */,
				3EBD34DA1FE292A80076FB89 /* Assets.xcassets in Resources */,
				3EBD34D81FE292A80076FB89 /* Main.storyboard in Resources */,
			);
			runOnlyForDeploymentPostprocessing = 0;
		};
/* End PBXResourcesBuildPhase section */

/* Begin PBXShellScriptBuildPhase section */
		178EDE16DC98EA53C1E12197 /* [CP] Check Pods Manifest.lock */ = {
			isa = PBXShellScriptBuildPhase;
			buildActionMask = 2147483647;
			files = (
			);
			inputPaths = (
				"${PODS_PODFILE_DIR_PATH}/Podfile.lock",
				"${PODS_ROOT}/Manifest.lock",
			);
			name = "[CP] Check Pods Manifest.lock";
			outputPaths = (
				"$(DERIVED_FILE_DIR)/Pods-AlamofireDemo-checkManifestLockResult.txt",
			);
			runOnlyForDeploymentPostprocessing = 0;
			shellPath = /bin/sh;
			shellScript = "diff \"${PODS_PODFILE_DIR_PATH}/Podfile.lock\" \"${PODS_ROOT}/Manifest.lock\" > /dev/null\nif [ $? != 0 ] ; then\n    # print error to STDERR\n    echo \"error: The sandbox is not in sync with the Podfile.lock. Run 'pod install' or update your CocoaPods installation.\" >&2\n    exit 1\nfi\n# This output is used by Xcode 'outputs' to avoid re-running this script phase.\necho \"SUCCESS\" > \"${SCRIPT_OUTPUT_FILE_0}\"\n";
			showEnvVarsInLog = 0;
		};
		913308C55F27B0707E6716CE /* [CP] Copy Pods Resources */ = {
			isa = PBXShellScriptBuildPhase;
			buildActionMask = 2147483647;
			files = (
			);
			inputPaths = (
			);
			name = "[CP] Copy Pods Resources";
			outputPaths = (
			);
			runOnlyForDeploymentPostprocessing = 0;
			shellPath = /bin/sh;
			shellScript = "\"${SRCROOT}/Pods/Target Support Files/Pods-AlamofireDemo/Pods-AlamofireDemo-resources.sh\"\n";
			showEnvVarsInLog = 0;
		};
		EFF3935E86D0050A604DA9C5 /* [CP] Embed Pods Frameworks */ = {
			isa = PBXShellScriptBuildPhase;
			buildActionMask = 2147483647;
			files = (
			);
			inputPaths = (
				"${SRCROOT}/Pods/Target Support Files/Pods-AlamofireDemo/Pods-AlamofireDemo-frameworks.sh",
				"${BUILT_PRODUCTS_DIR}/Alamofire/Alamofire.framework",
				"${BUILT_PRODUCTS_DIR}/Alamofire-SwiftyJSON/Alamofire_SwiftyJSON.framework",
				"${BUILT_PRODUCTS_DIR}/SwiftyJSON/SwiftyJSON.framework",
			);
			name = "[CP] Embed Pods Frameworks";
			outputPaths = (
				"${TARGET_BUILD_DIR}/${FRAMEWORKS_FOLDER_PATH}/Alamofire.framework",
				"${TARGET_BUILD_DIR}/${FRAMEWORKS_FOLDER_PATH}/Alamofire_SwiftyJSON.framework",
				"${TARGET_BUILD_DIR}/${FRAMEWORKS_FOLDER_PATH}/SwiftyJSON.framework",
			);
			runOnlyForDeploymentPostprocessing = 0;
			shellPath = /bin/sh;
			shellScript = "\"${SRCROOT}/Pods/Target Support Files/Pods-AlamofireDemo/Pods-AlamofireDemo-frameworks.sh\"\n";
			showEnvVarsInLog = 0;
		};
/* End PBXShellScriptBuildPhase section */

/* Begin PBXSourcesBuildPhase section */
		3EBD34CB1FE292A80076FB89 /* Sources */ = {
			isa = PBXSourcesBuildPhase;
			buildActionMask = 2147483647;
			files = (
				3E136CA31FE921780006DF0F /* CourseProgress.swift in Sources */,
				3E136CA71FE921BC0006DF0F /* CourseState.swift in Sources */,
				3E419D6B1FE78EA2001B4A8E /* Unit.swift in Sources */,
				3E419D761FE794B0001B4A8E /* Resource.swift in Sources */,
				3E419D651FE789E5001B4A8E /* Course.swift in Sources */,
				3E3C698C1FE7C9E800F59837 /* TestJson.swift in Sources */,
				3EBD34D51FE292A80076FB89 /* ViewController.swift in Sources */,
				3E419D6F1FE7926F001B4A8E /* Chapter.swift in Sources */,
				3E419D6D1FE78EF7001B4A8E /* User.swift in Sources */,
				3E419D741FE794A2001B4A8E /* Video.swift in Sources */,
				3EBD34D31FE292A80076FB89 /* AppDelegate.swift in Sources */,
				3EDC53D51FE8EF6C009D1EE1 /* Login.swift in Sources */,
				3E136CAA1FE923790006DF0F /* ChapterProgress.swift in Sources */,
				3E419D781FE794B9001B4A8E /* Quiz.swift in Sources */,
				3E136CA51FE921A50006DF0F /* UnitProgress.swift in Sources */,
				3EDC53D81FE9030C009D1EE1 /* Authority.swift in Sources */,
				3E136CAD1FE923F30006DF0F /* ChapterResource.swift in Sources */,
			);
			runOnlyForDeploymentPostprocessing = 0;
		};
/* End PBXSourcesBuildPhase section */

/* Begin PBXVariantGroup section */
		3EBD34D61FE292A80076FB89 /* Main.storyboard */ = {
			isa = PBXVariantGroup;
			children = (
				3EBD34D71FE292A80076FB89 /* Base */,
			);
			name = Main.storyboard;
			sourceTree = "<group>";
		};
		3EBD34DB1FE292A80076FB89 /* LaunchScreen.storyboard */ = {
			isa = PBXVariantGroup;
			children = (
				3EBD34DC1FE292A80076FB89 /* Base */,
			);
			name = LaunchScreen.storyboard;
			sourceTree = "<group>";
		};
/* End PBXVariantGroup section */

/* Begin XCBuildConfiguration section */
		3EBD34DF1FE292A80076FB89 /* Debug */ = {
			isa = XCBuildConfiguration;
			buildSettings = {
				ALWAYS_SEARCH_USER_PATHS = NO;
				CLANG_ANALYZER_NONNULL = YES;
				CLANG_ANALYZER_NUMBER_OBJECT_CONVERSION = YES_AGGRESSIVE;
				CLANG_CXX_LANGUAGE_STANDARD = "gnu++14";
				CLANG_CXX_LIBRARY = "libc++";
				CLANG_ENABLE_MODULES = YES;
				CLANG_ENABLE_OBJC_ARC = YES;
				CLANG_WARN_BLOCK_CAPTURE_AUTORELEASING = YES;
				CLANG_WARN_BOOL_CONVERSION = YES;
				CLANG_WARN_COMMA = YES;
				CLANG_WARN_CONSTANT_CONVERSION = YES;
				CLANG_WARN_DIRECT_OBJC_ISA_USAGE = YES_ERROR;
				CLANG_WARN_DOCUMENTATION_COMMENTS = YES;
				CLANG_WARN_EMPTY_BODY = YES;
				CLANG_WARN_ENUM_CONVERSION = YES;
				CLANG_WARN_INFINITE_RECURSION = YES;
				CLANG_WARN_INT_CONVERSION = YES;
				CLANG_WARN_NON_LITERAL_NULL_CONVERSION = YES;
				CLANG_WARN_OBJC_LITERAL_CONVERSION = YES;
				CLANG_WARN_OBJC_ROOT_CLASS = YES_ERROR;
				CLANG_WARN_RANGE_LOOP_ANALYSIS = YES;
				CLANG_WARN_STRICT_PROTOTYPES = YES;
				CLANG_WARN_SUSPICIOUS_MOVE = YES;
				CLANG_WARN_UNGUARDED_AVAILABILITY = YES_AGGRESSIVE;
				CLANG_WARN_UNREACHABLE_CODE = YES;
				CLANG_WARN__DUPLICATE_METHOD_MATCH = YES;
				CODE_SIGN_IDENTITY = "iPhone Developer";
				COPY_PHASE_STRIP = NO;
				DEBUG_INFORMATION_FORMAT = dwarf;
				ENABLE_STRICT_OBJC_MSGSEND = YES;
				ENABLE_TESTABILITY = YES;
				GCC_C_LANGUAGE_STANDARD = gnu11;
				GCC_DYNAMIC_NO_PIC = NO;
				GCC_NO_COMMON_BLOCKS = YES;
				GCC_OPTIMIZATION_LEVEL = 0;
				GCC_PREPROCESSOR_DEFINITIONS = (
					"DEBUG=1",
					"$(inherited)",
				);
				GCC_WARN_64_TO_32_BIT_CONVERSION = YES;
				GCC_WARN_ABOUT_RETURN_TYPE = YES_ERROR;
				GCC_WARN_UNDECLARED_SELECTOR = YES;
				GCC_WARN_UNINITIALIZED_AUTOS = YES_AGGRESSIVE;
				GCC_WARN_UNUSED_FUNCTION = YES;
				GCC_WARN_UNUSED_VARIABLE = YES;
				IPHONEOS_DEPLOYMENT_TARGET = 11.2;
				MTL_ENABLE_DEBUG_INFO = YES;
				ONLY_ACTIVE_ARCH = YES;
				SDKROOT = iphoneos;
				SWIFT_ACTIVE_COMPILATION_CONDITIONS = DEBUG;
				SWIFT_OPTIMIZATION_LEVEL = "-Onone";
			};
			name = Debug;
		};
		3EBD34E01FE292A80076FB89 /* Release */ = {
			isa = XCBuildConfiguration;
			buildSettings = {
				ALWAYS_SEARCH_USER_PATHS = NO;
				CLANG_ANALYZER_NONNULL = YES;
				CLANG_ANALYZER_NUMBER_OBJECT_CONVERSION = YES_AGGRESSIVE;
				CLANG_CXX_LANGUAGE_STANDARD = "gnu++14";
				CLANG_CXX_LIBRARY = "libc++";
				CLANG_ENABLE_MODULES = YES;
				CLANG_ENABLE_OBJC_ARC = YES;
				CLANG_WARN_BLOCK_CAPTURE_AUTORELEASING = YES;
				CLANG_WARN_BOOL_CONVERSION = YES;
				CLANG_WARN_COMMA = YES;
				CLANG_WARN_CONSTANT_CONVERSION = YES;
				CLANG_WARN_DIRECT_OBJC_ISA_USAGE = YES_ERROR;
				CLANG_WARN_DOCUMENTATION_COMMENTS = YES;
				CLANG_WARN_EMPTY_BODY = YES;
				CLANG_WARN_ENUM_CONVERSION = YES;
				CLANG_WARN_INFINITE_RECURSION = YES;
				CLANG_WARN_INT_CONVERSION = YES;
				CLANG_WARN_NON_LITERAL_NULL_CONVERSION = YES;
				CLANG_WARN_OBJC_LITERAL_CONVERSION = YES;
				CLANG_WARN_OBJC_ROOT_CLASS = YES_ERROR;
				CLANG_WARN_RANGE_LOOP_ANALYSIS = YES;
				CLANG_WARN_STRICT_PROTOTYPES = YES;
				CLANG_WARN_SUSPICIOUS_MOVE = YES;
				CLANG_WARN_UNGUARDED_AVAILABILITY = YES_AGGRESSIVE;
				CLANG_WARN_UNREACHABLE_CODE = YES;
				CLANG_WARN__DUPLICATE_METHOD_MATCH = YES;
				CODE_SIGN_IDENTITY = "iPhone Developer";
				COPY_PHASE_STRIP = NO;
				DEBUG_INFORMATION_FORMAT = "dwarf-with-dsym";
				ENABLE_NS_ASSERTIONS = NO;
				ENABLE_STRICT_OBJC_MSGSEND = YES;
				GCC_C_LANGUAGE_STANDARD = gnu11;
				GCC_NO_COMMON_BLOCKS = YES;
				GCC_WARN_64_TO_32_BIT_CONVERSION = YES;
				GCC_WARN_ABOUT_RETURN_TYPE = YES_ERROR;
				GCC_WARN_UNDECLARED_SELECTOR = YES;
				GCC_WARN_UNINITIALIZED_AUTOS = YES_AGGRESSIVE;
				GCC_WARN_UNUSED_FUNCTION = YES;
				GCC_WARN_UNUSED_VARIABLE = YES;
				IPHONEOS_DEPLOYMENT_TARGET = 11.2;
				MTL_ENABLE_DEBUG_INFO = NO;
				SDKROOT = iphoneos;
				SWIFT_OPTIMIZATION_LEVEL = "-Owholemodule";
				VALIDATE_PRODUCT = YES;
			};
			name = Release;
		};
		3EBD34E21FE292A80076FB89 /* Debug */ = {
			isa = XCBuildConfiguration;
			baseConfigurationReference = 57EE4FB369B5383680BE00FD /* Pods-AlamofireDemo.debug.xcconfig */;
			buildSettings = {
				ASSETCATALOG_COMPILER_APPICON_NAME = AppIcon;
				CODE_SIGN_STYLE = Automatic;
				INFOPLIST_FILE = AlamofireDemo/Info.plist;
				LD_RUNPATH_SEARCH_PATHS = "$(inherited) @executable_path/Frameworks";
				PRODUCT_BUNDLE_IDENTIFIER = edu.self.AlamofireDemo;
				PRODUCT_NAME = "$(TARGET_NAME)";
				SWIFT_VERSION = 4.0;
				TARGETED_DEVICE_FAMILY = "1,2";
			};
			name = Debug;
		};
		3EBD34E31FE292A80076FB89 /* Release */ = {
			isa = XCBuildConfiguration;
			baseConfigurationReference = DF3D5A18322EEA1EAAFC6C37 /* Pods-AlamofireDemo.release.xcconfig */;
			buildSettings = {
				ASSETCATALOG_COMPILER_APPICON_NAME = AppIcon;
				CODE_SIGN_STYLE = Automatic;
				INFOPLIST_FILE = AlamofireDemo/Info.plist;
				LD_RUNPATH_SEARCH_PATHS = "$(inherited) @executable_path/Frameworks";
				PRODUCT_BUNDLE_IDENTIFIER = edu.self.AlamofireDemo;
				PRODUCT_NAME = "$(TARGET_NAME)";
				SWIFT_VERSION = 4.0;
				TARGETED_DEVICE_FAMILY = "1,2";
			};
			name = Release;
		};
/* End XCBuildConfiguration section */

/* Begin XCConfigurationList section */
		3EBD34CA1FE292A80076FB89 /* Build configuration list for PBXProject "AlamofireDemo" */ = {
			isa = XCConfigurationList;
			buildConfigurations = (
				3EBD34DF1FE292A80076FB89 /* Debug */,
				3EBD34E01FE292A80076FB89 /* Release */,
			);
			defaultConfigurationIsVisible = 0;
			defaultConfigurationName = Release;
		};
		3EBD34E11FE292A80076FB89 /* Build configuration list for PBXNativeTarget "AlamofireDemo" */ = {
			isa = XCConfigurationList;
			buildConfigurations = (
				3EBD34E21FE292A80076FB89 /* Debug */,
				3EBD34E31FE292A80076FB89 /* Release */,
			);
			defaultConfigurationIsVisible = 0;
			defaultConfigurationName = Release;
		};
/* End XCConfigurationList section */
	};
	rootObject = 3EBD34C71FE292A80076FB89 /* Project object */;
}
